
Microsoft Visual Studio Solution File, Format Version 12.00
# Visual Studio Version 17
VisualStudioVersion = 17.4.33213.308
MinimumVisualStudioVersion = 10.0.40219.1
Project("{FAE04EC0-301F-11D3-BF4B-00C04F79EFBC}") = "Week14OOP", "Week14OOP\Week14OOP.csproj", "{1D7579CC-9139-40C7-B1BD-5A08AB036F14}"
EndProject
Global
	GlobalSection(SolutionConfigurationPlatforms) = preSolution
		Debug|Any CPU = Debug|Any CPU
		Release|Any CPU = Release|Any CPU
	EndGlobalSection
	GlobalSection(ProjectConfigurationPlatforms) = postSolution
		{1D7579CC-9139-40C7-B1BD-5A08AB036F14}.Debug|Any CPU.ActiveCfg = Debug|Any CPU
		{1D7579CC-9139-40C7-B1BD-5A08AB036F14}.Debug|Any CPU.Build.0 = Debug|Any CPU
		{1D7579CC-9139-40C7-B1BD-5A08AB036F14}.Release|Any CPU.ActiveCfg = Release|Any CPU
		{1D7579CC-9139-40C7-B1BD-5A08AB036F14}.Release|Any CPU.Build.0 = Release|Any CPU
	EndGlobalSection
	GlobalSection(SolutionProperties) = preSolution
		HideSolutionNode = FALSE
	EndGlobalSection
	GlobalSection(ExtensibilityGlobals) = postSolution
		SolutionGuid = {89CAD2F5-AAE8-4098-8205-DB6C401C92A0}
	EndGlobalSection
EndGlobal
